
Microsoft Visual Studio Solution File, Format Version 12.00
# Visual Studio Version 17
VisualStudioVersion = 17.0.31903.59
MinimumVisualStudioVersion = 10.0.40219.1
Project("{FAE04EC0-301F-11D3-BF4B-00C04F79EFBC}") = "API", "API\API.csproj", "{FDBBEF6D-8D1D-47DF-92F8-FE084C7DF130}"
EndProject
Project("{FAE04EC0-301F-11D3-BF4B-00C04F79EFBC}") = "Application", "Application\Application.csproj", "{1C9DF36B-C965-464B-A2DA-36B305C0E58B}"
EndProject
Project("{FAE04EC0-301F-11D3-BF4B-00C04F79EFBC}") = "Domain", "Domain\Domain.csproj", "{4B8F3773-BD49-4D9A-B457-CE64383B7FD4}"
EndProject
Project("{FAE04EC0-301F-11D3-BF4B-00C04F79EFBC}") = "Persistence", "Persistence\Persistence.csproj", "{C75D23C9-7668-4478-98C9-825CF8580563}"
EndProject
Global
	GlobalSection(SolutionConfigurationPlatforms) = preSolution
		Debug|Any CPU = Debug|Any CPU
		Release|Any CPU = Release|Any CPU
	EndGlobalSection
	GlobalSection(SolutionProperties) = preSolution
		HideSolutionNode = FALSE
	EndGlobalSection
	GlobalSection(ProjectConfigurationPlatforms) = postSolution
		{FDBBEF6D-8D1D-47DF-92F8-FE084C7DF130}.Debug|Any CPU.ActiveCfg = Debug|Any CPU
		{FDBBEF6D-8D1D-47DF-92F8-FE084C7DF130}.Debug|Any CPU.Build.0 = Debug|Any CPU
		{FDBBEF6D-8D1D-47DF-92F8-FE084C7DF130}.Release|Any CPU.ActiveCfg = Release|Any CPU
		{FDBBEF6D-8D1D-47DF-92F8-FE084C7DF130}.Release|Any CPU.Build.0 = Release|Any CPU
		{1C9DF36B-C965-464B-A2DA-36B305C0E58B}.Debug|Any CPU.ActiveCfg = Debug|Any CPU
		{1C9DF36B-C965-464B-A2DA-36B305C0E58B}.Debug|Any CPU.Build.0 = Debug|Any CPU
		{1C9DF36B-C965-464B-A2DA-36B305C0E58B}.Release|Any CPU.ActiveCfg = Release|Any CPU
		{1C9DF36B-C965-464B-A2DA-36B305C0E58B}.Release|Any CPU.Build.0 = Release|Any CPU
		{4B8F3773-BD49-4D9A-B457-CE64383B7FD4}.Debug|Any CPU.ActiveCfg = Debug|Any CPU
		{4B8F3773-BD49-4D9A-B457-CE64383B7FD4}.Debug|Any CPU.Build.0 = Debug|Any CPU
		{4B8F3773-BD49-4D9A-B457-CE64383B7FD4}.Release|Any CPU.ActiveCfg = Release|Any CPU
		{4B8F3773-BD49-4D9A-B457-CE64383B7FD4}.Release|Any CPU.Build.0 = Release|Any CPU
		{C75D23C9-7668-4478-98C9-825CF8580563}.Debug|Any CPU.ActiveCfg = Debug|Any CPU
		{C75D23C9-7668-4478-98C9-825CF8580563}.Debug|Any CPU.Build.0 = Debug|Any CPU
		{C75D23C9-7668-4478-98C9-825CF8580563}.Release|Any CPU.ActiveCfg = Release|Any CPU
		{C75D23C9-7668-4478-98C9-825CF8580563}.Release|Any CPU.Build.0 = Release|Any CPU
	EndGlobalSection
EndGlobal
